
Microsoft Visual Studio Solution File, Format Version 12.00
# Visual Studio Version 17
VisualStudioVersion = 17.9.34728.123
MinimumVisualStudioVersion = 10.0.40219.1
Project("{9A19103F-16F7-4668-BE54-9A1E7A4F7556}") = "CorporateNetworkAPI", "..\CorporateNetworkAPI\CorporateNetworkAPI.csproj", "{EDA1E78A-FBD9-40DD-82D0-5241DB181CAC}"
EndProject
Project("{9A19103F-16F7-4668-BE54-9A1E7A4F7556}") = "CorporateNetworkWPF", "..\CorporateNetworkWPF\CorporateNetworkWPF.csproj", "{7C4E3160-89D1-481C-B535-C18119796B61}"
EndProject
Global
	GlobalSection(SolutionConfigurationPlatforms) = preSolution
		Debug|Any CPU = Debug|Any CPU
		Release|Any CPU = Release|Any CPU
	EndGlobalSection
	GlobalSection(ProjectConfigurationPlatforms) = postSolution
		{EDA1E78A-FBD9-40DD-82D0-5241DB181CAC}.Debug|Any CPU.ActiveCfg = Debug|Any CPU
		{EDA1E78A-FBD9-40DD-82D0-5241DB181CAC}.Debug|Any CPU.Build.0 = Debug|Any CPU
		{EDA1E78A-FBD9-40DD-82D0-5241DB181CAC}.Release|Any CPU.ActiveCfg = Release|Any CPU
		{EDA1E78A-FBD9-40DD-82D0-5241DB181CAC}.Release|Any CPU.Build.0 = Release|Any CPU
		{7C4E3160-89D1-481C-B535-C18119796B61}.Debug|Any CPU.ActiveCfg = Debug|Any CPU
		{7C4E3160-89D1-481C-B535-C18119796B61}.Debug|Any CPU.Build.0 = Debug|Any CPU
		{7C4E3160-89D1-481C-B535-C18119796B61}.Release|Any CPU.ActiveCfg = Release|Any CPU
		{7C4E3160-89D1-481C-B535-C18119796B61}.Release|Any CPU.Build.0 = Release|Any CPU
	EndGlobalSection
	GlobalSection(SolutionProperties) = preSolution
		HideSolutionNode = FALSE
	EndGlobalSection
	GlobalSection(ExtensibilityGlobals) = postSolution
		SolutionGuid = {1C71434C-7111-4903-A50B-767B4390CC85}
	EndGlobalSection
EndGlobal
