
Microsoft Visual Studio Solution File, Format Version 12.00
# Visual Studio Version 17
VisualStudioVersion = 17.9.34728.123
MinimumVisualStudioVersion = 10.0.40219.1
Project("{9A19103F-16F7-4668-BE54-9A1E7A4F7556}") = "CorporateNetworkAPI", "..\CorporateNetworkAPI\CorporateNetworkAPI.csproj", "{EDA1E78A-FBD9-40DD-82D0-5241DB181CAC}"
EndProject
Project("{9A19103F-16F7-4668-BE54-9A1E7A4F7556}") = "CorporateNetworkWPF", "..\CorporateNetworkWPF\CorporateNetworkWPF.csproj", "{7C4E3160-89D1-481C-B535-C18119796B61}"
EndProject
Project("{9A19103F-16F7-4668-BE54-9A1E7A4F7556}") = "CorporateNetworkMVC", "CorporateNetworkMVC\CorporateNetworkMVC.csproj", "{344B34AB-1D9A-408E-8905-DD7BE988FAAE}"
EndProject
Project("{FAE04EC0-301F-11D3-BF4B-00C04F79EFBC}") = "CorporateNetwork.Tests", "CorporateNetworkMVC.Tests\CorporateNetwork.Tests\CorporateNetwork.Tests.csproj", "{5FD22681-9D25-4806-B8DB-A18A84319462}"
EndProject
Global
	GlobalSection(SolutionConfigurationPlatforms) = preSolution
		Debug|Any CPU = Debug|Any CPU
		Debug|ARM = Debug|ARM
		Debug|ARM64 = Debug|ARM64
		Debug|x64 = Debug|x64
		Debug|x86 = Debug|x86
		Release|Any CPU = Release|Any CPU
		Release|ARM = Release|ARM
		Release|ARM64 = Release|ARM64
		Release|x64 = Release|x64
		Release|x86 = Release|x86
	EndGlobalSection
	GlobalSection(ProjectConfigurationPlatforms) = postSolution
		{EDA1E78A-FBD9-40DD-82D0-5241DB181CAC}.Debug|Any CPU.ActiveCfg = Debug|Any CPU
		{EDA1E78A-FBD9-40DD-82D0-5241DB181CAC}.Debug|Any CPU.Build.0 = Debug|Any CPU
		{EDA1E78A-FBD9-40DD-82D0-5241DB181CAC}.Debug|ARM.ActiveCfg = Debug|Any CPU
		{EDA1E78A-FBD9-40DD-82D0-5241DB181CAC}.Debug|ARM.Build.0 = Debug|Any CPU
		{EDA1E78A-FBD9-40DD-82D0-5241DB181CAC}.Debug|ARM64.ActiveCfg = Debug|Any CPU
		{EDA1E78A-FBD9-40DD-82D0-5241DB181CAC}.Debug|ARM64.Build.0 = Debug|Any CPU
		{EDA1E78A-FBD9-40DD-82D0-5241DB181CAC}.Debug|x64.ActiveCfg = Debug|Any CPU
		{EDA1E78A-FBD9-40DD-82D0-5241DB181CAC}.Debug|x64.Build.0 = Debug|Any CPU
		{EDA1E78A-FBD9-40DD-82D0-5241DB181CAC}.Debug|x86.ActiveCfg = Debug|Any CPU
		{EDA1E78A-FBD9-40DD-82D0-5241DB181CAC}.Debug|x86.Build.0 = Debug|Any CPU
		{EDA1E78A-FBD9-40DD-82D0-5241DB181CAC}.Release|Any CPU.ActiveCfg = Release|Any CPU
		{EDA1E78A-FBD9-40DD-82D0-5241DB181CAC}.Release|Any CPU.Build.0 = Release|Any CPU
		{EDA1E78A-FBD9-40DD-82D0-5241DB181CAC}.Release|ARM.ActiveCfg = Release|Any CPU
		{EDA1E78A-FBD9-40DD-82D0-5241DB181CAC}.Release|ARM.Build.0 = Release|Any CPU
		{EDA1E78A-FBD9-40DD-82D0-5241DB181CAC}.Release|ARM64.ActiveCfg = Release|Any CPU
		{EDA1E78A-FBD9-40DD-82D0-5241DB181CAC}.Release|ARM64.Build.0 = Release|Any CPU
		{EDA1E78A-FBD9-40DD-82D0-5241DB181CAC}.Release|x64.ActiveCfg = Release|Any CPU
		{EDA1E78A-FBD9-40DD-82D0-5241DB181CAC}.Release|x64.Build.0 = Release|Any CPU
		{EDA1E78A-FBD9-40DD-82D0-5241DB181CAC}.Release|x86.ActiveCfg = Release|Any CPU
		{EDA1E78A-FBD9-40DD-82D0-5241DB181CAC}.Release|x86.Build.0 = Release|Any CPU
		{7C4E3160-89D1-481C-B535-C18119796B61}.Debug|Any CPU.ActiveCfg = Debug|Any CPU
		{7C4E3160-89D1-481C-B535-C18119796B61}.Debug|Any CPU.Build.0 = Debug|Any CPU
		{7C4E3160-89D1-481C-B535-C18119796B61}.Debug|ARM.ActiveCfg = Debug|Any CPU
		{7C4E3160-89D1-481C-B535-C18119796B61}.Debug|ARM.Build.0 = Debug|Any CPU
		{7C4E3160-89D1-481C-B535-C18119796B61}.Debug|ARM64.ActiveCfg = Debug|Any CPU
		{7C4E3160-89D1-481C-B535-C18119796B61}.Debug|ARM64.Build.0 = Debug|Any CPU
		{7C4E3160-89D1-481C-B535-C18119796B61}.Debug|x64.ActiveCfg = Debug|Any CPU
		{7C4E3160-89D1-481C-B535-C18119796B61}.Debug|x64.Build.0 = Debug|Any CPU
		{7C4E3160-89D1-481C-B535-C18119796B61}.Debug|x86.ActiveCfg = Debug|Any CPU
		{7C4E3160-89D1-481C-B535-C18119796B61}.Debug|x86.Build.0 = Debug|Any CPU
		{7C4E3160-89D1-481C-B535-C18119796B61}.Release|Any CPU.ActiveCfg = Release|Any CPU
		{7C4E3160-89D1-481C-B535-C18119796B61}.Release|Any CPU.Build.0 = Release|Any CPU
		{7C4E3160-89D1-481C-B535-C18119796B61}.Release|ARM.ActiveCfg = Release|Any CPU
		{7C4E3160-89D1-481C-B535-C18119796B61}.Release|ARM.Build.0 = Release|Any CPU
		{7C4E3160-89D1-481C-B535-C18119796B61}.Release|ARM64.ActiveCfg = Release|Any CPU
		{7C4E3160-89D1-481C-B535-C18119796B61}.Release|ARM64.Build.0 = Release|Any CPU
		{7C4E3160-89D1-481C-B535-C18119796B61}.Release|x64.ActiveCfg = Release|Any CPU
		{7C4E3160-89D1-481C-B535-C18119796B61}.Release|x64.Build.0 = Release|Any CPU
		{7C4E3160-89D1-481C-B535-C18119796B61}.Release|x86.ActiveCfg = Release|Any CPU
		{7C4E3160-89D1-481C-B535-C18119796B61}.Release|x86.Build.0 = Release|Any CPU
		{344B34AB-1D9A-408E-8905-DD7BE988FAAE}.Debug|Any CPU.ActiveCfg = Debug|Any CPU
		{344B34AB-1D9A-408E-8905-DD7BE988FAAE}.Debug|Any CPU.Build.0 = Debug|Any CPU
		{344B34AB-1D9A-408E-8905-DD7BE988FAAE}.Debug|ARM.ActiveCfg = Debug|Any CPU
		{344B34AB-1D9A-408E-8905-DD7BE988FAAE}.Debug|ARM.Build.0 = Debug|Any CPU
		{344B34AB-1D9A-408E-8905-DD7BE988FAAE}.Debug|ARM64.ActiveCfg = Debug|Any CPU
		{344B34AB-1D9A-408E-8905-DD7BE988FAAE}.Debug|ARM64.Build.0 = Debug|Any CPU
		{344B34AB-1D9A-408E-8905-DD7BE988FAAE}.Debug|x64.ActiveCfg = Debug|Any CPU
		{344B34AB-1D9A-408E-8905-DD7BE988FAAE}.Debug|x64.Build.0 = Debug|Any CPU
		{344B34AB-1D9A-408E-8905-DD7BE988FAAE}.Debug|x86.ActiveCfg = Debug|Any CPU
		{344B34AB-1D9A-408E-8905-DD7BE988FAAE}.Debug|x86.Build.0 = Debug|Any CPU
		{344B34AB-1D9A-408E-8905-DD7BE988FAAE}.Release|Any CPU.ActiveCfg = Release|Any CPU
		{344B34AB-1D9A-408E-8905-DD7BE988FAAE}.Release|Any CPU.Build.0 = Release|Any CPU
		{344B34AB-1D9A-408E-8905-DD7BE988FAAE}.Release|ARM.ActiveCfg = Release|Any CPU
		{344B34AB-1D9A-408E-8905-DD7BE988FAAE}.Release|ARM.Build.0 = Release|Any CPU
		{344B34AB-1D9A-408E-8905-DD7BE988FAAE}.Release|ARM64.ActiveCfg = Release|Any CPU
		{344B34AB-1D9A-408E-8905-DD7BE988FAAE}.Release|ARM64.Build.0 = Release|Any CPU
		{344B34AB-1D9A-408E-8905-DD7BE988FAAE}.Release|x64.ActiveCfg = Release|Any CPU
		{344B34AB-1D9A-408E-8905-DD7BE988FAAE}.Release|x64.Build.0 = Release|Any CPU
		{344B34AB-1D9A-408E-8905-DD7BE988FAAE}.Release|x86.ActiveCfg = Release|Any CPU
		{344B34AB-1D9A-408E-8905-DD7BE988FAAE}.Release|x86.Build.0 = Release|Any CPU
		{5FD22681-9D25-4806-B8DB-A18A84319462}.Debug|Any CPU.ActiveCfg = Debug|Any CPU
		{5FD22681-9D25-4806-B8DB-A18A84319462}.Debug|Any CPU.Build.0 = Debug|Any CPU
		{5FD22681-9D25-4806-B8DB-A18A84319462}.Debug|ARM.ActiveCfg = Debug|Any CPU
		{5FD22681-9D25-4806-B8DB-A18A84319462}.Debug|ARM.Build.0 = Debug|Any CPU
		{5FD22681-9D25-4806-B8DB-A18A84319462}.Debug|ARM64.ActiveCfg = Debug|Any CPU
		{5FD22681-9D25-4806-B8DB-A18A84319462}.Debug|ARM64.Build.0 = Debug|Any CPU
		{5FD22681-9D25-4806-B8DB-A18A84319462}.Debug|x64.ActiveCfg = Debug|Any CPU
		{5FD22681-9D25-4806-B8DB-A18A84319462}.Debug|x64.Build.0 = Debug|Any CPU
		{5FD22681-9D25-4806-B8DB-A18A84319462}.Debug|x86.ActiveCfg = Debug|Any CPU
		{5FD22681-9D25-4806-B8DB-A18A84319462}.Debug|x86.Build.0 = Debug|Any CPU
		{5FD22681-9D25-4806-B8DB-A18A84319462}.Release|Any CPU.ActiveCfg = Release|Any CPU
		{5FD22681-9D25-4806-B8DB-A18A84319462}.Release|Any CPU.Build.0 = Release|Any CPU
		{5FD22681-9D25-4806-B8DB-A18A84319462}.Release|ARM.ActiveCfg = Release|Any CPU
		{5FD22681-9D25-4806-B8DB-A18A84319462}.Release|ARM.Build.0 = Release|Any CPU
		{5FD22681-9D25-4806-B8DB-A18A84319462}.Release|ARM64.ActiveCfg = Release|Any CPU
		{5FD22681-9D25-4806-B8DB-A18A84319462}.Release|ARM64.Build.0 = Release|Any CPU
		{5FD22681-9D25-4806-B8DB-A18A84319462}.Release|x64.ActiveCfg = Release|Any CPU
		{5FD22681-9D25-4806-B8DB-A18A84319462}.Release|x64.Build.0 = Release|Any CPU
		{5FD22681-9D25-4806-B8DB-A18A84319462}.Release|x86.ActiveCfg = Release|Any CPU
		{5FD22681-9D25-4806-B8DB-A18A84319462}.Release|x86.Build.0 = Release|Any CPU
	EndGlobalSection
	GlobalSection(SolutionProperties) = preSolution
		HideSolutionNode = FALSE
	EndGlobalSection
	GlobalSection(ExtensibilityGlobals) = postSolution
		SolutionGuid = {1C71434C-7111-4903-A50B-767B4390CC85}
	EndGlobalSection
EndGlobal
